
Microsoft Visual Studio Solution File, Format Version 12.00
# Visual Studio Version 17
VisualStudioVersion = 17.2.32616.157
MinimumVisualStudioVersion = 10.0.40219.1
Project("{FAE04EC0-301F-11D3-BF4B-00C04F79EFBC}") = "CSV Save Data Testing", "CSV Save Data Testing\CSV Save Data Testing.csproj", "{6730CBA5-F957-49B9-B700-F7AFC53537AD}"
EndProject
Global
	GlobalSection(SolutionConfigurationPlatforms) = preSolution
		Debug|Any CPU = Debug|Any CPU
		Release|Any CPU = Release|Any CPU
	EndGlobalSection
	GlobalSection(ProjectConfigurationPlatforms) = postSolution
		{6730CBA5-F957-49B9-B700-F7AFC53537AD}.Debug|Any CPU.ActiveCfg = Debug|Any CPU
		{6730CBA5-F957-49B9-B700-F7AFC53537AD}.Debug|Any CPU.Build.0 = Debug|Any CPU
		{6730CBA5-F957-49B9-B700-F7AFC53537AD}.Release|Any CPU.ActiveCfg = Release|Any CPU
		{6730CBA5-F957-49B9-B700-F7AFC53537AD}.Release|Any CPU.Build.0 = Release|Any CPU
	EndGlobalSection
	GlobalSection(SolutionProperties) = preSolution
		HideSolutionNode = FALSE
	EndGlobalSection
	GlobalSection(ExtensibilityGlobals) = postSolution
		SolutionGuid = {4D65C957-3CEA-4675-8A2D-01E15784FD1F}
	EndGlobalSection
EndGlobal
